
Microsoft Visual Studio Solution File, Format Version 12.00
# Visual Studio Version 17
VisualStudioVersion = 17.10.34928.147
MinimumVisualStudioVersion = 10.0.40219.1
Project("{9A19103F-16F7-4668-BE54-9A1E7A4F7556}") = "WebApi", "WebApi\WebApi.csproj", "{0880AAB4-3D31-410C-8F13-FA7AEAA0D562}"
EndProject
Project("{9A19103F-16F7-4668-BE54-9A1E7A4F7556}") = "Web.Domain", "Web.Domain\Web.Domain.csproj", "{993C5E85-C791-41E2-8E5E-3C00B82D90DE}"
EndProject
Project("{9A19103F-16F7-4668-BE54-9A1E7A4F7556}") = "Web.Infrastructure", "Web.Infrastructure\Web.Infrastructure.csproj", "{B63E0382-C686-4704-BE0A-3E49ABAAC3BF}"
EndProject
Project("{9A19103F-16F7-4668-BE54-9A1E7A4F7556}") = "Web.Service", "Web.Service\Web.Service.csproj", "{9D693A32-A4CB-4EF3-9DB4-152FC03A4619}"
EndProject
Global
	GlobalSection(SolutionConfigurationPlatforms) = preSolution
		Debug|Any CPU = Debug|Any CPU
		Release|Any CPU = Release|Any CPU
	EndGlobalSection
	GlobalSection(ProjectConfigurationPlatforms) = postSolution
		{0880AAB4-3D31-410C-8F13-FA7AEAA0D562}.Debug|Any CPU.ActiveCfg = Debug|Any CPU
		{0880AAB4-3D31-410C-8F13-FA7AEAA0D562}.Debug|Any CPU.Build.0 = Debug|Any CPU
		{0880AAB4-3D31-410C-8F13-FA7AEAA0D562}.Release|Any CPU.ActiveCfg = Release|Any CPU
		{0880AAB4-3D31-410C-8F13-FA7AEAA0D562}.Release|Any CPU.Build.0 = Release|Any CPU
		{993C5E85-C791-41E2-8E5E-3C00B82D90DE}.Debug|Any CPU.ActiveCfg = Debug|Any CPU
		{993C5E85-C791-41E2-8E5E-3C00B82D90DE}.Debug|Any CPU.Build.0 = Debug|Any CPU
		{993C5E85-C791-41E2-8E5E-3C00B82D90DE}.Release|Any CPU.ActiveCfg = Release|Any CPU
		{993C5E85-C791-41E2-8E5E-3C00B82D90DE}.Release|Any CPU.Build.0 = Release|Any CPU
		{B63E0382-C686-4704-BE0A-3E49ABAAC3BF}.Debug|Any CPU.ActiveCfg = Debug|Any CPU
		{B63E0382-C686-4704-BE0A-3E49ABAAC3BF}.Debug|Any CPU.Build.0 = Debug|Any CPU
		{B63E0382-C686-4704-BE0A-3E49ABAAC3BF}.Release|Any CPU.ActiveCfg = Release|Any CPU
		{B63E0382-C686-4704-BE0A-3E49ABAAC3BF}.Release|Any CPU.Build.0 = Release|Any CPU
		{9D693A32-A4CB-4EF3-9DB4-152FC03A4619}.Debug|Any CPU.ActiveCfg = Debug|Any CPU
		{9D693A32-A4CB-4EF3-9DB4-152FC03A4619}.Debug|Any CPU.Build.0 = Debug|Any CPU
		{9D693A32-A4CB-4EF3-9DB4-152FC03A4619}.Release|Any CPU.ActiveCfg = Release|Any CPU
		{9D693A32-A4CB-4EF3-9DB4-152FC03A4619}.Release|Any CPU.Build.0 = Release|Any CPU
	EndGlobalSection
	GlobalSection(SolutionProperties) = preSolution
		HideSolutionNode = FALSE
	EndGlobalSection
	GlobalSection(ExtensibilityGlobals) = postSolution
		SolutionGuid = {47DA2F3B-2CE6-464F-A996-BEBE22D33CCB}
	EndGlobalSection
EndGlobal
